
Microsoft Visual Studio Solution File, Format Version 12.00
# Visual Studio Version 17
VisualStudioVersion = 17.1.32319.34
MinimumVisualStudioVersion = 10.0.40219.1
Project("{FAE04EC0-301F-11D3-BF4B-00C04F79EFBC}") = "SlackAPI", "SlackAPI\SlackAPI.csproj", "{6EFF8EBB-681C-4ABC-AC94-984CBE7BA313}"
EndProject
Global
	GlobalSection(SolutionConfigurationPlatforms) = preSolution
		Debug|Any CPU = Debug|Any CPU
		Release|Any CPU = Release|Any CPU
	EndGlobalSection
	GlobalSection(ProjectConfigurationPlatforms) = postSolution
		{6EFF8EBB-681C-4ABC-AC94-984CBE7BA313}.Debug|Any CPU.ActiveCfg = Debug|Any CPU
		{6EFF8EBB-681C-4ABC-AC94-984CBE7BA313}.Debug|Any CPU.Build.0 = Debug|Any CPU
		{6EFF8EBB-681C-4ABC-AC94-984CBE7BA313}.Release|Any CPU.ActiveCfg = Release|Any CPU
		{6EFF8EBB-681C-4ABC-AC94-984CBE7BA313}.Release|Any CPU.Build.0 = Release|Any CPU
	EndGlobalSection
	GlobalSection(SolutionProperties) = preSolution
		HideSolutionNode = FALSE
	EndGlobalSection
	GlobalSection(ExtensibilityGlobals) = postSolution
		SolutionGuid = {E109B4E6-AA55-46DF-9857-AF2AEB4A97BB}
	EndGlobalSection
EndGlobal
